// !$*UTF8*$!
{
	archiveVersion = 1;
	classes = {
	};
	objectVersion = 50;
	objects = {

/* Begin PBXBuildFile section */
		CF228C9420FFA1060047D333 /* SinglePostVC.swift in Sources */ = {isa = PBXBuildFile; fileRef = CF228C9320FFA1060047D333 /* SinglePostVC.swift */; };
		CF228C9720FFAE020047D333 /* UserLog.swift in Sources */ = {isa = PBXBuildFile; fileRef = CF228C9520FFAE010047D333 /* UserLog.swift */; };
		CF228C9820FFAE020047D333 /* RegistrationViewController.swift in Sources */ = {isa = PBXBuildFile; fileRef = CF228C9620FFAE010047D333 /* RegistrationViewController.swift */; };
		CF228C9A20FFB4430047D333 /* ImageVC.swift in Sources */ = {isa = PBXBuildFile; fileRef = CF228C9920FFB4430047D333 /* ImageVC.swift */; };
		CF228C9D20FFB44C0047D333 /* Upload.storyboard in Resources */ = {isa = PBXBuildFile; fileRef = CF228C9B20FFB44C0047D333 /* Upload.storyboard */; };
		CF8AAFB320FE87D70081EB58 /* AppDelegate.swift in Sources */ = {isa = PBXBuildFile; fileRef = CF8AAFB220FE87D70081EB58 /* AppDelegate.swift */; };
		CF8AAFB520FE87D70081EB58 /* ViewController.swift in Sources */ = {isa = PBXBuildFile; fileRef = CF8AAFB420FE87D70081EB58 /* ViewController.swift */; };
		CF8AAFB820FE87D70081EB58 /* Main.storyboard in Resources */ = {isa = PBXBuildFile; fileRef = CF8AAFB620FE87D70081EB58 /* Main.storyboard */; };
		CF8AAFBB20FE87D70081EB58 /* GeoPic.xcdatamodeld in Sources */ = {isa = PBXBuildFile; fileRef = CF8AAFB920FE87D70081EB58 /* GeoPic.xcdatamodeld */; };
		CF8AAFBD20FE87D80081EB58 /* Assets.xcassets in Resources */ = {isa = PBXBuildFile; fileRef = CF8AAFBC20FE87D80081EB58 /* Assets.xcassets */; };
		CF8AAFC020FE87D80081EB58 /* LaunchScreen.storyboard in Resources */ = {isa = PBXBuildFile; fileRef = CF8AAFBE20FE87D80081EB58 /* LaunchScreen.storyboard */; };
		CF8AAFC920FE98520081EB58 /* Explore.storyboard in Resources */ = {isa = PBXBuildFile; fileRef = CF8AAFC720FE98520081EB58 /* Explore.storyboard */; };
		CF8AAFCB20FE9E770081EB58 /* PictureCell.swift in Sources */ = {isa = PBXBuildFile; fileRef = CF8AAFCA20FE9E770081EB58 /* PictureCell.swift */; };
		CF8AAFCF20FE9FBE0081EB58 /* ExploreVC.swift in Sources */ = {isa = PBXBuildFile; fileRef = CF8AAFCE20FE9FBE0081EB58 /* ExploreVC.swift */; };
		CF8AAFD120FED0D10081EB58 /* SearchVC.swift in Sources */ = {isa = PBXBuildFile; fileRef = CF8AAFD020FED0D10081EB58 /* SearchVC.swift */; };
		CF8AAFD320FED2530081EB58 /* SearchCell.swift in Sources */ = {isa = PBXBuildFile; fileRef = CF8AAFD220FED2530081EB58 /* SearchCell.swift */; };
		CF8AAFD720FEE2180081EB58 /* CoreLocation.framework in Frameworks */ = {isa = PBXBuildFile; fileRef = CF8AAFD520FEE1EC0081EB58 /* CoreLocation.framework */; };
		CF8AAFD920FEE2BD0081EB58 /* MapVC.swift in Sources */ = {isa = PBXBuildFile; fileRef = CF8AAFD820FEE2BD0081EB58 /* MapVC.swift */; };
		CFE45BE921025E640048CB2A /* IP_ADDRESS.swift in Sources */ = {isa = PBXBuildFile; fileRef = CFE45BE821025E640048CB2A /* IP_ADDRESS.swift */; };
/* End PBXBuildFile section */

/* Begin PBXFileReference section */
		CF228C9320FFA1060047D333 /* SinglePostVC.swift */ = {isa = PBXFileReference; lastKnownFileType = sourcecode.swift; path = SinglePostVC.swift; sourceTree = "<group>"; };
		CF228C9520FFAE010047D333 /* UserLog.swift */ = {isa = PBXFileReference; fileEncoding = 4; lastKnownFileType = sourcecode.swift; path = UserLog.swift; sourceTree = "<group>"; };
		CF228C9620FFAE010047D333 /* RegistrationViewController.swift */ = {isa = PBXFileReference; fileEncoding = 4; lastKnownFileType = sourcecode.swift; path = RegistrationViewController.swift; sourceTree = "<group>"; };
		CF228C9920FFB4430047D333 /* ImageVC.swift */ = {isa = PBXFileReference; fileEncoding = 4; lastKnownFileType = sourcecode.swift; path = ImageVC.swift; sourceTree = "<group>"; };
		CF228C9C20FFB44C0047D333 /* Base */ = {isa = PBXFileReference; lastKnownFileType = file.storyboard; name = Base; path = Base.lproj/Upload.storyboard; sourceTree = "<group>"; };
		CF8AAFAF20FE87D70081EB58 /* GeoPic.app */ = {isa = PBXFileReference; explicitFileType = wrapper.application; includeInIndex = 0; path = GeoPic.app; sourceTree = BUILT_PRODUCTS_DIR; };
		CF8AAFB220FE87D70081EB58 /* AppDelegate.swift */ = {isa = PBXFileReference; lastKnownFileType = sourcecode.swift; path = AppDelegate.swift; sourceTree = "<group>"; };
		CF8AAFB420FE87D70081EB58 /* ViewController.swift */ = {isa = PBXFileReference; lastKnownFileType = sourcecode.swift; path = ViewController.swift; sourceTree = "<group>"; };
		CF8AAFB720FE87D70081EB58 /* Base */ = {isa = PBXFileReference; lastKnownFileType = file.storyboard; name = Base; path = Base.lproj/Main.storyboard; sourceTree = "<group>"; };
		CF8AAFBA20FE87D70081EB58 /* GeoPic.xcdatamodel */ = {isa = PBXFileReference; lastKnownFileType = wrapper.xcdatamodel; path = GeoPic.xcdatamodel; sourceTree = "<group>"; };
		CF8AAFBC20FE87D80081EB58 /* Assets.xcassets */ = {isa = PBXFileReference; lastKnownFileType = folder.assetcatalog; path = Assets.xcassets; sourceTree = "<group>"; };
		CF8AAFBF20FE87D80081EB58 /* Base */ = {isa = PBXFileReference; lastKnownFileType = file.storyboard; name = Base; path = Base.lproj/LaunchScreen.storyboard; sourceTree = "<group>"; };
		CF8AAFC120FE87D80081EB58 /* Info.plist */ = {isa = PBXFileReference; lastKnownFileType = text.plist.xml; path = Info.plist; sourceTree = "<group>"; };
		CF8AAFC820FE98520081EB58 /* Base */ = {isa = PBXFileReference; lastKnownFileType = file.storyboard; name = Base; path = Base.lproj/Explore.storyboard; sourceTree = "<group>"; };
		CF8AAFCA20FE9E770081EB58 /* PictureCell.swift */ = {isa = PBXFileReference; lastKnownFileType = sourcecode.swift; path = PictureCell.swift; sourceTree = "<group>"; };
		CF8AAFCE20FE9FBE0081EB58 /* ExploreVC.swift */ = {isa = PBXFileReference; lastKnownFileType = sourcecode.swift; path = ExploreVC.swift; sourceTree = "<group>"; };
		CF8AAFD020FED0D10081EB58 /* SearchVC.swift */ = {isa = PBXFileReference; lastKnownFileType = sourcecode.swift; path = SearchVC.swift; sourceTree = "<group>"; };
		CF8AAFD220FED2530081EB58 /* SearchCell.swift */ = {isa = PBXFileReference; lastKnownFileType = sourcecode.swift; path = SearchCell.swift; sourceTree = "<group>"; };
		CF8AAFD520FEE1EC0081EB58 /* CoreLocation.framework */ = {isa = PBXFileReference; lastKnownFileType = wrapper.framework; name = CoreLocation.framework; path = System/Library/Frameworks/CoreLocation.framework; sourceTree = SDKROOT; };
		CF8AAFD820FEE2BD0081EB58 /* MapVC.swift */ = {isa = PBXFileReference; lastKnownFileType = sourcecode.swift; path = MapVC.swift; sourceTree = "<group>"; };
		CFE45BE821025E640048CB2A /* IP_ADDRESS.swift */ = {isa = PBXFileReference; lastKnownFileType = sourcecode.swift; path = IP_ADDRESS.swift; sourceTree = "<group>"; };
/* End PBXFileReference section */

/* Begin PBXFrameworksBuildPhase section */
		CF8AAFAC20FE87D70081EB58 /* Frameworks */ = {
			isa = PBXFrameworksBuildPhase;
			buildActionMask = 2147483647;
			files = (
				CF8AAFD720FEE2180081EB58 /* CoreLocation.framework in Frameworks */,
			);
			runOnlyForDeploymentPostprocessing = 0;
		};
/* End PBXFrameworksBuildPhase section */

/* Begin PBXGroup section */
		CF8AAFA620FE87D70081EB58 = {
			isa = PBXGroup;
			children = (
				CF8AAFB120FE87D70081EB58 /* GeoPic */,
				CF8AAFB020FE87D70081EB58 /* Products */,
				CF8AAFD420FEE1EC0081EB58 /* Frameworks */,
			);
			sourceTree = "<group>";
		};
		CF8AAFB020FE87D70081EB58 /* Products */ = {
			isa = PBXGroup;
			children = (
				CF8AAFAF20FE87D70081EB58 /* GeoPic.app */,
			);
			name = Products;
			sourceTree = "<group>";
		};
		CF8AAFB120FE87D70081EB58 /* GeoPic */ = {
			isa = PBXGroup;
			children = (
				CF228C9320FFA1060047D333 /* SinglePostVC.swift */,
				CF8AAFD220FED2530081EB58 /* SearchCell.swift */,
				CF8AAFD820FEE2BD0081EB58 /* MapVC.swift */,
				CF8AAFCE20FE9FBE0081EB58 /* ExploreVC.swift */,
				CF8AAFB220FE87D70081EB58 /* AppDelegate.swift */,
				CF8AAFB420FE87D70081EB58 /* ViewController.swift */,
				CF228C9620FFAE010047D333 /* RegistrationViewController.swift */,
				CF228C9520FFAE010047D333 /* UserLog.swift */,
				CF8AAFB620FE87D70081EB58 /* Main.storyboard */,
				CF228C9B20FFB44C0047D333 /* Upload.storyboard */,
				CF228C9920FFB4430047D333 /* ImageVC.swift */,
				CF8AAFCA20FE9E770081EB58 /* PictureCell.swift */,
				CF8AAFC720FE98520081EB58 /* Explore.storyboard */,
				CF8AAFD020FED0D10081EB58 /* SearchVC.swift */,
				CFE45BE821025E640048CB2A /* IP_ADDRESS.swift */,
				CF8AAFBC20FE87D80081EB58 /* Assets.xcassets */,
				CF8AAFBE20FE87D80081EB58 /* LaunchScreen.storyboard */,
				CF8AAFC120FE87D80081EB58 /* Info.plist */,
				CF8AAFB920FE87D70081EB58 /* GeoPic.xcdatamodeld */,
			);
			path = GeoPic;
			sourceTree = "<group>";
		};
		CF8AAFD420FEE1EC0081EB58 /* Frameworks */ = {
			isa = PBXGroup;
			children = (
				CF8AAFD520FEE1EC0081EB58 /* CoreLocation.framework */,
			);
			name = Frameworks;
			sourceTree = "<group>";
		};
/* End PBXGroup section */

/* Begin PBXNativeTarget section */
		CF8AAFAE20FE87D70081EB58 /* GeoPic */ = {
			isa = PBXNativeTarget;
			buildConfigurationList = CF8AAFC420FE87D80081EB58 /* Build configuration list for PBXNativeTarget "GeoPic" */;
			buildPhases = (
				CF8AAFAB20FE87D70081EB58 /* Sources */,
				CF8AAFAC20FE87D70081EB58 /* Frameworks */,
				CF8AAFAD20FE87D70081EB58 /* Resources */,
			);
			buildRules = (
			);
			dependencies = (
			);
			name = GeoPic;
			productName = GeoPic;
			productReference = CF8AAFAF20FE87D70081EB58 /* GeoPic.app */;
			productType = "com.apple.product-type.application";
		};
/* End PBXNativeTarget section */

/* Begin PBXProject section */
		CF8AAFA720FE87D70081EB58 /* Project object */ = {
			isa = PBXProject;
			attributes = {
				LastSwiftUpdateCheck = 0940;
				LastUpgradeCheck = 0940;
				ORGANIZATIONNAME = AshwinMahesh;
				TargetAttributes = {
					CF8AAFAE20FE87D70081EB58 = {
						CreatedOnToolsVersion = 9.4.1;
					};
				};
			};
			buildConfigurationList = CF8AAFAA20FE87D70081EB58 /* Build configuration list for PBXProject "GeoPic" */;
			compatibilityVersion = "Xcode 9.3";
			developmentRegion = en;
			hasScannedForEncodings = 0;
			knownRegions = (
				en,
				Base,
			);
			mainGroup = CF8AAFA620FE87D70081EB58;
			productRefGroup = CF8AAFB020FE87D70081EB58 /* Products */;
			projectDirPath = "";
			projectRoot = "";
			targets = (
				CF8AAFAE20FE87D70081EB58 /* GeoPic */,
			);
		};
/* End PBXProject section */

/* Begin PBXResourcesBuildPhase section */
		CF8AAFAD20FE87D70081EB58 /* Resources */ = {
			isa = PBXResourcesBuildPhase;
			buildActionMask = 2147483647;
			files = (
				CF228C9D20FFB44C0047D333 /* Upload.storyboard in Resources */,
				CF8AAFC920FE98520081EB58 /* Explore.storyboard in Resources */,
				CF8AAFC020FE87D80081EB58 /* LaunchScreen.storyboard in Resources */,
				CF8AAFBD20FE87D80081EB58 /* Assets.xcassets in Resources */,
				CF8AAFB820FE87D70081EB58 /* Main.storyboard in Resources */,
			);
			runOnlyForDeploymentPostprocessing = 0;
		};
/* End PBXResourcesBuildPhase section */

/* Begin PBXSourcesBuildPhase section */
		CF8AAFAB20FE87D70081EB58 /* Sources */ = {
			isa = PBXSourcesBuildPhase;
			buildActionMask = 2147483647;
			files = (
				CF8AAFD120FED0D10081EB58 /* SearchVC.swift in Sources */,
				CF8AAFCB20FE9E770081EB58 /* PictureCell.swift in Sources */,
				CF228C9420FFA1060047D333 /* SinglePostVC.swift in Sources */,
				CF228C9820FFAE020047D333 /* RegistrationViewController.swift in Sources */,
				CF228C9720FFAE020047D333 /* UserLog.swift in Sources */,
				CFE45BE921025E640048CB2A /* IP_ADDRESS.swift in Sources */,
				CF8AAFB520FE87D70081EB58 /* ViewController.swift in Sources */,
				CF8AAFD320FED2530081EB58 /* SearchCell.swift in Sources */,
				CF8AAFCF20FE9FBE0081EB58 /* ExploreVC.swift in Sources */,
				CF228C9A20FFB4430047D333 /* ImageVC.swift in Sources */,
				CF8AAFD920FEE2BD0081EB58 /* MapVC.swift in Sources */,
				CF8AAFBB20FE87D70081EB58 /* GeoPic.xcdatamodeld in Sources */,
				CF8AAFB320FE87D70081EB58 /* AppDelegate.swift in Sources */,
			);
			runOnlyForDeploymentPostprocessing = 0;
		};
/* End PBXSourcesBuildPhase section */

/* Begin PBXVariantGroup section */
		CF228C9B20FFB44C0047D333 /* Upload.storyboard */ = {
			isa = PBXVariantGroup;
			children = (
				CF228C9C20FFB44C0047D333 /* Base */,
			);
			name = Upload.storyboard;
			sourceTree = "<group>";
		};
		CF8AAFB620FE87D70081EB58 /* Main.storyboard */ = {
			isa = PBXVariantGroup;
			children = (
				CF8AAFB720FE87D70081EB58 /* Base */,
			);
			name = Main.storyboard;
			sourceTree = "<group>";
		};
		CF8AAFBE20FE87D80081EB58 /* LaunchScreen.storyboard */ = {
			isa = PBXVariantGroup;
			children = (
				CF8AAFBF20FE87D80081EB58 /* Base */,
			);
			name = LaunchScreen.storyboard;
			sourceTree = "<group>";
		};
		CF8AAFC720FE98520081EB58 /* Explore.storyboard */ = {
			isa = PBXVariantGroup;
			children = (
				CF8AAFC820FE98520081EB58 /* Base */,
			);
			name = Explore.storyboard;
			sourceTree = "<group>";
		};
/* End PBXVariantGroup section */

/* Begin XCBuildConfiguration section */
		CF8AAFC220FE87D80081EB58 /* Debug */ = {
			isa = XCBuildConfiguration;
			buildSettings = {
				ALWAYS_SEARCH_USER_PATHS = NO;
				CLANG_ANALYZER_NONNULL = YES;
				CLANG_ANALYZER_NUMBER_OBJECT_CONVERSION = YES_AGGRESSIVE;
				CLANG_CXX_LANGUAGE_STANDARD = "gnu++14";
				CLANG_CXX_LIBRARY = "libc++";
				CLANG_ENABLE_MODULES = YES;
				CLANG_ENABLE_OBJC_ARC = YES;
				CLANG_ENABLE_OBJC_WEAK = YES;
				CLANG_WARN_BLOCK_CAPTURE_AUTORELEASING = YES;
				CLANG_WARN_BOOL_CONVERSION = YES;
				CLANG_WARN_COMMA = YES;
				CLANG_WARN_CONSTANT_CONVERSION = YES;
				CLANG_WARN_DEPRECATED_OBJC_IMPLEMENTATIONS = YES;
				CLANG_WARN_DIRECT_OBJC_ISA_USAGE = YES_ERROR;
				CLANG_WARN_DOCUMENTATION_COMMENTS = YES;
				CLANG_WARN_EMPTY_BODY = YES;
				CLANG_WARN_ENUM_CONVERSION = YES;
				CLANG_WARN_INFINITE_RECURSION = YES;
				CLANG_WARN_INT_CONVERSION = YES;
				CLANG_WARN_NON_LITERAL_NULL_CONVERSION = YES;
				CLANG_WARN_OBJC_IMPLICIT_RETAIN_SELF = YES;
				CLANG_WARN_OBJC_LITERAL_CONVERSION = YES;
				CLANG_WARN_OBJC_ROOT_CLASS = YES_ERROR;
				CLANG_WARN_RANGE_LOOP_ANALYSIS = YES;
				CLANG_WARN_STRICT_PROTOTYPES = YES;
				CLANG_WARN_SUSPICIOUS_MOVE = YES;
				CLANG_WARN_UNGUARDED_AVAILABILITY = YES_AGGRESSIVE;
				CLANG_WARN_UNREACHABLE_CODE = YES;
				CLANG_WARN__DUPLICATE_METHOD_MATCH = YES;
				CODE_SIGN_IDENTITY = "iPhone Developer";
				COPY_PHASE_STRIP = NO;
				DEBUG_INFORMATION_FORMAT = dwarf;
				ENABLE_STRICT_OBJC_MSGSEND = YES;
				ENABLE_TESTABILITY = YES;
				GCC_C_LANGUAGE_STANDARD = gnu11;
				GCC_DYNAMIC_NO_PIC = NO;
				GCC_NO_COMMON_BLOCKS = YES;
				GCC_OPTIMIZATION_LEVEL = 0;
				GCC_PREPROCESSOR_DEFINITIONS = (
					"DEBUG=1",
					"$(inherited)",
				);
				GCC_WARN_64_TO_32_BIT_CONVERSION = YES;
				GCC_WARN_ABOUT_RETURN_TYPE = YES_ERROR;
				GCC_WARN_UNDECLARED_SELECTOR = YES;
				GCC_WARN_UNINITIALIZED_AUTOS = YES_AGGRESSIVE;
				GCC_WARN_UNUSED_FUNCTION = YES;
				GCC_WARN_UNUSED_VARIABLE = YES;
				IPHONEOS_DEPLOYMENT_TARGET = 11.4;
				MTL_ENABLE_DEBUG_INFO = YES;
				ONLY_ACTIVE_ARCH = YES;
				SDKROOT = iphoneos;
				SWIFT_ACTIVE_COMPILATION_CONDITIONS = DEBUG;
				SWIFT_OPTIMIZATION_LEVEL = "-Onone";
			};
			name = Debug;
		};
		CF8AAFC320FE87D80081EB58 /* Release */ = {
			isa = XCBuildConfiguration;
			buildSettings = {
				ALWAYS_SEARCH_USER_PATHS = NO;
				CLANG_ANALYZER_NONNULL = YES;
				CLANG_ANALYZER_NUMBER_OBJECT_CONVERSION = YES_AGGRESSIVE;
				CLANG_CXX_LANGUAGE_STANDARD = "gnu++14";
				CLANG_CXX_LIBRARY = "libc++";
				CLANG_ENABLE_MODULES = YES;
				CLANG_ENABLE_OBJC_ARC = YES;
				CLANG_ENABLE_OBJC_WEAK = YES;
				CLANG_WARN_BLOCK_CAPTURE_AUTORELEASING = YES;
				CLANG_WARN_BOOL_CONVERSION = YES;
				CLANG_WARN_COMMA = YES;
				CLANG_WARN_CONSTANT_CONVERSION = YES;
				CLANG_WARN_DEPRECATED_OBJC_IMPLEMENTATIONS = YES;
				CLANG_WARN_DIRECT_OBJC_ISA_USAGE = YES_ERROR;
				CLANG_WARN_DOCUMENTATION_COMMENTS = YES;
				CLANG_WARN_EMPTY_BODY = YES;
				CLANG_WARN_ENUM_CONVERSION = YES;
				CLANG_WARN_INFINITE_RECURSION = YES;
				CLANG_WARN_INT_CONVERSION = YES;
				CLANG_WARN_NON_LITERAL_NULL_CONVERSION = YES;
				CLANG_WARN_OBJC_IMPLICIT_RETAIN_SELF = YES;
				CLANG_WARN_OBJC_LITERAL_CONVERSION = YES;
				CLANG_WARN_OBJC_ROOT_CLASS = YES_ERROR;
				CLANG_WARN_RANGE_LOOP_ANALYSIS = YES;
				CLANG_WARN_STRICT_PROTOTYPES = YES;
				CLANG_WARN_SUSPICIOUS_MOVE = YES;
				CLANG_WARN_UNGUARDED_AVAILABILITY = YES_AGGRESSIVE;
				CLANG_WARN_UNREACHABLE_CODE = YES;
				CLANG_WARN__DUPLICATE_METHOD_MATCH = YES;
				CODE_SIGN_IDENTITY = "iPhone Developer";
				COPY_PHASE_STRIP = NO;
				DEBUG_INFORMATION_FORMAT = "dwarf-with-dsym";
				ENABLE_NS_ASSERTIONS = NO;
				ENABLE_STRICT_OBJC_MSGSEND = YES;
				GCC_C_LANGUAGE_STANDARD = gnu11;
				GCC_NO_COMMON_BLOCKS = YES;
				GCC_WARN_64_TO_32_BIT_CONVERSION = YES;
				GCC_WARN_ABOUT_RETURN_TYPE = YES_ERROR;
				GCC_WARN_UNDECLARED_SELECTOR = YES;
				GCC_WARN_UNINITIALIZED_AUTOS = YES_AGGRESSIVE;
				GCC_WARN_UNUSED_FUNCTION = YES;
				GCC_WARN_UNUSED_VARIABLE = YES;
				IPHONEOS_DEPLOYMENT_TARGET = 11.4;
				MTL_ENABLE_DEBUG_INFO = NO;
				SDKROOT = iphoneos;
				SWIFT_COMPILATION_MODE = wholemodule;
				SWIFT_OPTIMIZATION_LEVEL = "-O";
				VALIDATE_PRODUCT = YES;
			};
			name = Release;
		};
		CF8AAFC520FE87D80081EB58 /* Debug */ = {
			isa = XCBuildConfiguration;
			buildSettings = {
				ASSETCATALOG_COMPILER_APPICON_NAME = AppIcon;
				CODE_SIGN_STYLE = Automatic;
				DEVELOPMENT_TEAM = VQ9PY5C74Q;
				INFOPLIST_FILE = GeoPic/Info.plist;
				LD_RUNPATH_SEARCH_PATHS = (
					"$(inherited)",
					"@executable_path/Frameworks",
				);
				PRODUCT_BUNDLE_IDENTIFIER = com.ashwinmahesh.GeoPic;
				PRODUCT_NAME = "$(TARGET_NAME)";
				SWIFT_VERSION = 4.0;
				TARGETED_DEVICE_FAMILY = "1,2";
			};
			name = Debug;
		};
		CF8AAFC620FE87D80081EB58 /* Release */ = {
			isa = XCBuildConfiguration;
			buildSettings = {
				ASSETCATALOG_COMPILER_APPICON_NAME = AppIcon;
				CODE_SIGN_STYLE = Automatic;
				DEVELOPMENT_TEAM = VQ9PY5C74Q;
				INFOPLIST_FILE = GeoPic/Info.plist;
				LD_RUNPATH_SEARCH_PATHS = (
					"$(inherited)",
					"@executable_path/Frameworks",
				);
				PRODUCT_BUNDLE_IDENTIFIER = com.ashwinmahesh.GeoPic;
				PRODUCT_NAME = "$(TARGET_NAME)";
				SWIFT_VERSION = 4.0;
				TARGETED_DEVICE_FAMILY = "1,2";
			};
			name = Release;
		};
/* End XCBuildConfiguration section */

/* Begin XCConfigurationList section */
		CF8AAFAA20FE87D70081EB58 /* Build configuration list for PBXProject "GeoPic" */ = {
			isa = XCConfigurationList;
			buildConfigurations = (
				CF8AAFC220FE87D80081EB58 /* Debug */,
				CF8AAFC320FE87D80081EB58 /* Release */,
			);
			defaultConfigurationIsVisible = 0;
			defaultConfigurationName = Release;
		};
		CF8AAFC420FE87D80081EB58 /* Build configuration list for PBXNativeTarget "GeoPic" */ = {
			isa = XCConfigurationList;
			buildConfigurations = (
				CF8AAFC520FE87D80081EB58 /* Debug */,
				CF8AAFC620FE87D80081EB58 /* Release */,
			);
			defaultConfigurationIsVisible = 0;
			defaultConfigurationName = Release;
		};
/* End XCConfigurationList section */

/* Begin XCVersionGroup section */
		CF8AAFB920FE87D70081EB58 /* GeoPic.xcdatamodeld */ = {
			isa = XCVersionGroup;
			children = (
				CF8AAFBA20FE87D70081EB58 /* GeoPic.xcdatamodel */,
			);
			currentVersion = CF8AAFBA20FE87D70081EB58 /* GeoPic.xcdatamodel */;
			path = GeoPic.xcdatamodeld;
			sourceTree = "<group>";
			versionGroupType = wrapper.xcdatamodel;
		};
/* End XCVersionGroup section */
	};
	rootObject = CF8AAFA720FE87D70081EB58 /* Project object */;
}
